// !$*UTF8*$!
{
	archiveVersion = 1;
	classes = {
	};
	objectVersion = 56;
	objects = {

/* Begin PBXBuildFile section */
		C94937282985D71A00CAADB4 /* EQ_for_iOSApp.swift in Sources */ = {isa = PBXBuildFile; fileRef = C94937272985D71A00CAADB4 /* EQ_for_iOSApp.swift */; };
		C949372A2985D71A00CAADB4 /* ContentView.swift in Sources */ = {isa = PBXBuildFile; fileRef = C94937292985D71A00CAADB4 /* ContentView.swift */; };
		C949372C2985D71B00CAADB4 /* Assets.xcassets in Resources */ = {isa = PBXBuildFile; fileRef = C949372B2985D71B00CAADB4 /* Assets.xcassets */; };
		C949372F2985D71B00CAADB4 /* Preview Assets.xcassets in Resources */ = {isa = PBXBuildFile; fileRef = C949372E2985D71B00CAADB4 /* Preview Assets.xcassets */; };
		C94937392985D71B00CAADB4 /* EQ_for_iOSTests.swift in Sources */ = {isa = PBXBuildFile; fileRef = C94937382985D71B00CAADB4 /* EQ_for_iOSTests.swift */; };
		C94937432985D71B00CAADB4 /* EQ_for_iOSUITests.swift in Sources */ = {isa = PBXBuildFile; fileRef = C94937422985D71B00CAADB4 /* EQ_for_iOSUITests.swift */; };
		C94937452985D71B00CAADB4 /* EQ_for_iOSUITestsLaunchTests.swift in Sources */ = {isa = PBXBuildFile; fileRef = C94937442985D71B00CAADB4 /* EQ_for_iOSUITestsLaunchTests.swift */; };
/* End PBXBuildFile section */

/* Begin PBXContainerItemProxy section */
		C94937352985D71B00CAADB4 /* PBXContainerItemProxy */ = {
			isa = PBXContainerItemProxy;
			containerPortal = C949371C2985D71A00CAADB4 /* Project object */;
			proxyType = 1;
			remoteGlobalIDString = C94937232985D71A00CAADB4;
			remoteInfo = "EQ for iOS";
		};
		C949373F2985D71B00CAADB4 /* PBXContainerItemProxy */ = {
			isa = PBXContainerItemProxy;
			containerPortal = C949371C2985D71A00CAADB4 /* Project object */;
			proxyType = 1;
			remoteGlobalIDString = C94937232985D71A00CAADB4;
			remoteInfo = "EQ for iOS";
		};
/* End PBXContainerItemProxy section */

/* Begin PBXFileReference section */
		C94937242985D71A00CAADB4 /* EQ for iOS.app */ = {isa = PBXFileReference; explicitFileType = wrapper.application; includeInIndex = 0; path = "EQ for iOS.app"; sourceTree = BUILT_PRODUCTS_DIR; };
		C94937272985D71A00CAADB4 /* EQ_for_iOSApp.swift */ = {isa = PBXFileReference; lastKnownFileType = sourcecode.swift; path = EQ_for_iOSApp.swift; sourceTree = "<group>"; };
		C94937292985D71A00CAADB4 /* ContentView.swift */ = {isa = PBXFileReference; lastKnownFileType = sourcecode.swift; path = ContentView.swift; sourceTree = "<group>"; };
		C949372B2985D71B00CAADB4 /* Assets.xcassets */ = {isa = PBXFileReference; lastKnownFileType = folder.assetcatalog; path = Assets.xcassets; sourceTree = "<group>"; };
		C949372E2985D71B00CAADB4 /* Preview Assets.xcassets */ = {isa = PBXFileReference; lastKnownFileType = folder.assetcatalog; path = "Preview Assets.xcassets"; sourceTree = "<group>"; };
		C94937342985D71B00CAADB4 /* EQ for iOSTests.xctest */ = {isa = PBXFileReference; explicitFileType = wrapper.cfbundle; includeInIndex = 0; path = "EQ for iOSTests.xctest"; sourceTree = BUILT_PRODUCTS_DIR; };
		C94937382985D71B00CAADB4 /* EQ_for_iOSTests.swift */ = {isa = PBXFileReference; lastKnownFileType = sourcecode.swift; path = EQ_for_iOSTests.swift; sourceTree = "<group>"; };
		C949373E2985D71B00CAADB4 /* EQ for iOSUITests.xctest */ = {isa = PBXFileReference; explicitFileType = wrapper.cfbundle; includeInIndex = 0; path = "EQ for iOSUITests.xctest"; sourceTree = BUILT_PRODUCTS_DIR; };
		C94937422985D71B00CAADB4 /* EQ_for_iOSUITests.swift */ = {isa = PBXFileReference; lastKnownFileType = sourcecode.swift; path = EQ_for_iOSUITests.swift; sourceTree = "<group>"; };
		C94937442985D71B00CAADB4 /* EQ_for_iOSUITestsLaunchTests.swift */ = {isa = PBXFileReference; lastKnownFileType = sourcecode.swift; path = EQ_for_iOSUITestsLaunchTests.swift; sourceTree = "<group>"; };
/* End PBXFileReference section */

/* Begin PBXFrameworksBuildPhase section */
		C94937212985D71A00CAADB4 /* Frameworks */ = {
			isa = PBXFrameworksBuildPhase;
			buildActionMask = 2147483647;
			files = (
			);
			runOnlyForDeploymentPostprocessing = 0;
		};
		C94937312985D71B00CAADB4 /* Frameworks */ = {
			isa = PBXFrameworksBuildPhase;
			buildActionMask = 2147483647;
			files = (
			);
			runOnlyForDeploymentPostprocessing = 0;
		};
		C949373B2985D71B00CAADB4 /* Frameworks */ = {
			isa = PBXFrameworksBuildPhase;
			buildActionMask = 2147483647;
			files = (
			);
			runOnlyForDeploymentPostprocessing = 0;
		};
/* End PBXFrameworksBuildPhase section */

/* Begin PBXGroup section */
		C949371B2985D71A00CAADB4 = {
			isa = PBXGroup;
			children = (
				C94937262985D71A00CAADB4 /* EQ for iOS */,
				C94937372985D71B00CAADB4 /* EQ for iOSTests */,
				C94937412985D71B00CAADB4 /* EQ for iOSUITests */,
				C94937252985D71A00CAADB4 /* Products */,
			);
			sourceTree = "<group>";
		};
		C94937252985D71A00CAADB4 /* Products */ = {
			isa = PBXGroup;
			children = (
				C94937242985D71A00CAADB4 /* EQ for iOS.app */,
				C94937342985D71B00CAADB4 /* EQ for iOSTests.xctest */,
				C949373E2985D71B00CAADB4 /* EQ for iOSUITests.xctest */,
			);
			name = Products;
			sourceTree = "<group>";
		};
		C94937262985D71A00CAADB4 /* EQ for iOS */ = {
			isa = PBXGroup;
			children = (
				C94937272985D71A00CAADB4 /* EQ_for_iOSApp.swift */,
				C94937292985D71A00CAADB4 /* ContentView.swift */,
				C949372B2985D71B00CAADB4 /* Assets.xcassets */,
				C949372D2985D71B00CAADB4 /* Preview Content */,
			);
			path = "EQ for iOS";
			sourceTree = "<group>";
		};
		C949372D2985D71B00CAADB4 /* Preview Content */ = {
			isa = PBXGroup;
			children = (
				C949372E2985D71B00CAADB4 /* Preview Assets.xcassets */,
			);
			path = "Preview Content";
			sourceTree = "<group>";
		};
		C94937372985D71B00CAADB4 /* EQ for iOSTests */ = {
			isa = PBXGroup;
			children = (
				C94937382985D71B00CAADB4 /* EQ_for_iOSTests.swift */,
			);
			path = "EQ for iOSTests";
			sourceTree = "<group>";
		};
		C94937412985D71B00CAADB4 /* EQ for iOSUITests */ = {
			isa = PBXGroup;
			children = (
				C94937422985D71B00CAADB4 /* EQ_for_iOSUITests.swift */,
				C94937442985D71B00CAADB4 /* EQ_for_iOSUITestsLaunchTests.swift */,
			);
			path = "EQ for iOSUITests";
			sourceTree = "<group>";
		};
/* End PBXGroup section */

/* Begin PBXNativeTarget section */
		C94937232985D71A00CAADB4 /* EQ for iOS */ = {
			isa = PBXNativeTarget;
			buildConfigurationList = C94937482985D71B00CAADB4 /* Build configuration list for PBXNativeTarget "EQ for iOS" */;
			buildPhases = (
				C94937202985D71A00CAADB4 /* Sources */,
				C94937212985D71A00CAADB4 /* Frameworks */,
				C94937222985D71A00CAADB4 /* Resources */,
			);
			buildRules = (
			);
			dependencies = (
			);
			name = "EQ for iOS";
			productName = "EQ for iOS";
			productReference = C94937242985D71A00CAADB4 /* EQ for iOS.app */;
			productType = "com.apple.product-type.application";
		};
		C94937332985D71B00CAADB4 /* EQ for iOSTests */ = {
			isa = PBXNativeTarget;
			buildConfigurationList = C949374B2985D71B00CAADB4 /* Build configuration list for PBXNativeTarget "EQ for iOSTests" */;
			buildPhases = (
				C94937302985D71B00CAADB4 /* Sources */,
				C94937312985D71B00CAADB4 /* Frameworks */,
				C94937322985D71B00CAADB4 /* Resources */,
			);
			buildRules = (
			);
			dependencies = (
				C94937362985D71B00CAADB4 /* PBXTargetDependency */,
			);
			name = "EQ for iOSTests";
			productName = "EQ for iOSTests";
			productReference = C94937342985D71B00CAADB4 /* EQ for iOSTests.xctest */;
			productType = "com.apple.product-type.bundle.unit-test";
		};
		C949373D2985D71B00CAADB4 /* EQ for iOSUITests */ = {
			isa = PBXNativeTarget;
			buildConfigurationList = C949374E2985D71B00CAADB4 /* Build configuration list for PBXNativeTarget "EQ for iOSUITests" */;
			buildPhases = (
				C949373A2985D71B00CAADB4 /* Sources */,
				C949373B2985D71B00CAADB4 /* Frameworks */,
				C949373C2985D71B00CAADB4 /* Resources */,
			);
			buildRules = (
			);
			dependencies = (
				C94937402985D71B00CAADB4 /* PBXTargetDependency */,
			);
			name = "EQ for iOSUITests";
			productName = "EQ for iOSUITests";
			productReference = C949373E2985D71B00CAADB4 /* EQ for iOSUITests.xctest */;
			productType = "com.apple.product-type.bundle.ui-testing";
		};
/* End PBXNativeTarget section */

/* Begin PBXProject section */
		C949371C2985D71A00CAADB4 /* Project object */ = {
			isa = PBXProject;
			attributes = {
				BuildIndependentTargetsInParallel = 1;
				LastSwiftUpdateCheck = 1420;
				LastUpgradeCheck = 1420;
				TargetAttributes = {
					C94937232985D71A00CAADB4 = {
						CreatedOnToolsVersion = 14.2;
					};
					C94937332985D71B00CAADB4 = {
						CreatedOnToolsVersion = 14.2;
						TestTargetID = C94937232985D71A00CAADB4;
					};
					C949373D2985D71B00CAADB4 = {
						CreatedOnToolsVersion = 14.2;
						TestTargetID = C94937232985D71A00CAADB4;
					};
				};
			};
			buildConfigurationList = C949371F2985D71A00CAADB4 /* Build configuration list for PBXProject "EQ for iOS" */;
			compatibilityVersion = "Xcode 14.0";
			developmentRegion = en;
			hasScannedForEncodings = 0;
			knownRegions = (
				en,
				Base,
			);
			mainGroup = C949371B2985D71A00CAADB4;
			productRefGroup = C94937252985D71A00CAADB4 /* Products */;
			projectDirPath = "";
			projectRoot = "";
			targets = (
				C94937232985D71A00CAADB4 /* EQ for iOS */,
				C94937332985D71B00CAADB4 /* EQ for iOSTests */,
				C949373D2985D71B00CAADB4 /* EQ for iOSUITests */,
			);
		};
/* End PBXProject section */

/* Begin PBXResourcesBuildPhase section */
		C94937222985D71A00CAADB4 /* Resources */ = {
			isa = PBXResourcesBuildPhase;
			buildActionMask = 2147483647;
			files = (
				C949372F2985D71B00CAADB4 /* Preview Assets.xcassets in Resources */,
				C949372C2985D71B00CAADB4 /* Assets.xcassets in Resources */,
			);
			runOnlyForDeploymentPostprocessing = 0;
		};
		C94937322985D71B00CAADB4 /* Resources */ = {
			isa = PBXResourcesBuildPhase;
			buildActionMask = 2147483647;
			files = (
			);
			runOnlyForDeploymentPostprocessing = 0;
		};
		C949373C2985D71B00CAADB4 /* Resources */ = {
			isa = PBXResourcesBuildPhase;
			buildActionMask = 2147483647;
			files = (
			);
			runOnlyForDeploymentPostprocessing = 0;
		};
/* End PBXResourcesBuildPhase section */

/* Begin PBXSourcesBuildPhase section */
		C94937202985D71A00CAADB4 /* Sources */ = {
			isa = PBXSourcesBuildPhase;
			buildActionMask = 2147483647;
			files = (
				C949372A2985D71A00CAADB4 /* ContentView.swift in Sources */,
				C94937282985D71A00CAADB4 /* EQ_for_iOSApp.swift in Sources */,
			);
			runOnlyForDeploymentPostprocessing = 0;
		};
		C94937302985D71B00CAADB4 /* Sources */ = {
			isa = PBXSourcesBuildPhase;
			buildActionMask = 2147483647;
			files = (
				C94937392985D71B00CAADB4 /* EQ_for_iOSTests.swift in Sources */,
			);
			runOnlyForDeploymentPostprocessing = 0;
		};
		C949373A2985D71B00CAADB4 /* Sources */ = {
			isa = PBXSourcesBuildPhase;
			buildActionMask = 2147483647;
			files = (
				C94937452985D71B00CAADB4 /* EQ_for_iOSUITestsLaunchTests.swift in Sources */,
				C94937432985D71B00CAADB4 /* EQ_for_iOSUITests.swift in Sources */,
			);
			runOnlyForDeploymentPostprocessing = 0;
		};
/* End PBXSourcesBuildPhase section */

/* Begin PBXTargetDependency section */
		C94937362985D71B00CAADB4 /* PBXTargetDependency */ = {
			isa = PBXTargetDependency;
			target = C94937232985D71A00CAADB4 /* EQ for iOS */;
			targetProxy = C94937352985D71B00CAADB4 /* PBXContainerItemProxy */;
		};
		C94937402985D71B00CAADB4 /* PBXTargetDependency */ = {
			isa = PBXTargetDependency;
			target = C94937232985D71A00CAADB4 /* EQ for iOS */;
			targetProxy = C949373F2985D71B00CAADB4 /* PBXContainerItemProxy */;
		};
/* End PBXTargetDependency section */

/* Begin XCBuildConfiguration section */
		C94937462985D71B00CAADB4 /* Debug */ = {
			isa = XCBuildConfiguration;
			buildSettings = {
				ALWAYS_SEARCH_USER_PATHS = NO;
				CLANG_ANALYZER_NONNULL = YES;
				CLANG_ANALYZER_NUMBER_OBJECT_CONVERSION = YES_AGGRESSIVE;
				CLANG_CXX_LANGUAGE_STANDARD = "gnu++20";
				CLANG_ENABLE_MODULES = YES;
				CLANG_ENABLE_OBJC_ARC = YES;
				CLANG_ENABLE_OBJC_WEAK = YES;
				CLANG_WARN_BLOCK_CAPTURE_AUTORELEASING = YES;
				CLANG_WARN_BOOL_CONVERSION = YES;
				CLANG_WARN_COMMA = YES;
				CLANG_WARN_CONSTANT_CONVERSION = YES;
				CLANG_WARN_DEPRECATED_OBJC_IMPLEMENTATIONS = YES;
				CLANG_WARN_DIRECT_OBJC_ISA_USAGE = YES_ERROR;
				CLANG_WARN_DOCUMENTATION_COMMENTS = YES;
				CLANG_WARN_EMPTY_BODY = YES;
				CLANG_WARN_ENUM_CONVERSION = YES;
				CLANG_WARN_INFINITE_RECURSION = YES;
				CLANG_WARN_INT_CONVERSION = YES;
				CLANG_WARN_NON_LITERAL_NULL_CONVERSION = YES;
				CLANG_WARN_OBJC_IMPLICIT_RETAIN_SELF = YES;
				CLANG_WARN_OBJC_LITERAL_CONVERSION = YES;
				CLANG_WARN_OBJC_ROOT_CLASS = YES_ERROR;
				CLANG_WARN_QUOTED_INCLUDE_IN_FRAMEWORK_HEADER = YES;
				CLANG_WARN_RANGE_LOOP_ANALYSIS = YES;
				CLANG_WARN_STRICT_PROTOTYPES = YES;
				CLANG_WARN_SUSPICIOUS_MOVE = YES;
				CLANG_WARN_UNGUARDED_AVAILABILITY = YES_AGGRESSIVE;
				CLANG_WARN_UNREACHABLE_CODE = YES;
				CLANG_WARN__DUPLICATE_METHOD_MATCH = YES;
				COPY_PHASE_STRIP = NO;
				DEBUG_INFORMATION_FORMAT = dwarf;
				ENABLE_STRICT_OBJC_MSGSEND = YES;
				ENABLE_TESTABILITY = YES;
				GCC_C_LANGUAGE_STANDARD = gnu11;
				GCC_DYNAMIC_NO_PIC = NO;
				GCC_NO_COMMON_BLOCKS = YES;
				GCC_OPTIMIZATION_LEVEL = 0;
				GCC_PREPROCESSOR_DEFINITIONS = (
					"DEBUG=1",
					"$(inherited)",
				);
				GCC_WARN_64_TO_32_BIT_CONVERSION = YES;
				GCC_WARN_ABOUT_RETURN_TYPE = YES_ERROR;
				GCC_WARN_UNDECLARED_SELECTOR = YES;
				GCC_WARN_UNINITIALIZED_AUTOS = YES_AGGRESSIVE;
				GCC_WARN_UNUSED_FUNCTION = YES;
				GCC_WARN_UNUSED_VARIABLE = YES;
				IPHONEOS_DEPLOYMENT_TARGET = 16.2;
				MTL_ENABLE_DEBUG_INFO = INCLUDE_SOURCE;
				MTL_FAST_MATH = YES;
				ONLY_ACTIVE_ARCH = YES;
				SDKROOT = iphoneos;
				SWIFT_ACTIVE_COMPILATION_CONDITIONS = DEBUG;
				SWIFT_OPTIMIZATION_LEVEL = "-Onone";
			};
			name = Debug;
		};
		C94937472985D71B00CAADB4 /* Release */ = {
			isa = XCBuildConfiguration;
			buildSettings = {
				ALWAYS_SEARCH_USER_PATHS = NO;
				CLANG_ANALYZER_NONNULL = YES;
				CLANG_ANALYZER_NUMBER_OBJECT_CONVERSION = YES_AGGRESSIVE;
				CLANG_CXX_LANGUAGE_STANDARD = "gnu++20";
				CLANG_ENABLE_MODULES = YES;
				CLANG_ENABLE_OBJC_ARC = YES;
				CLANG_ENABLE_OBJC_WEAK = YES;
				CLANG_WARN_BLOCK_CAPTURE_AUTORELEASING = YES;
				CLANG_WARN_BOOL_CONVERSION = YES;
				CLANG_WARN_COMMA = YES;
				CLANG_WARN_CONSTANT_CONVERSION = YES;
				CLANG_WARN_DEPRECATED_OBJC_IMPLEMENTATIONS = YES;
				CLANG_WARN_DIRECT_OBJC_ISA_USAGE = YES_ERROR;
				CLANG_WARN_DOCUMENTATION_COMMENTS = YES;
				CLANG_WARN_EMPTY_BODY = YES;
				CLANG_WARN_ENUM_CONVERSION = YES;
				CLANG_WARN_INFINITE_RECURSION = YES;
				CLANG_WARN_INT_CONVERSION = YES;
				CLANG_WARN_NON_LITERAL_NULL_CONVERSION = YES;
				CLANG_WARN_OBJC_IMPLICIT_RETAIN_SELF = YES;
				CLANG_WARN_OBJC_LITERAL_CONVERSION = YES;
				CLANG_WARN_OBJC_ROOT_CLASS = YES_ERROR;
				CLANG_WARN_QUOTED_INCLUDE_IN_FRAMEWORK_HEADER = YES;
				CLANG_WARN_RANGE_LOOP_ANALYSIS = YES;
				CLANG_WARN_STRICT_PROTOTYPES = YES;
				CLANG_WARN_SUSPICIOUS_MOVE = YES;
				CLANG_WARN_UNGUARDED_AVAILABILITY = YES_AGGRESSIVE;
				CLANG_WARN_UNREACHABLE_CODE = YES;
				CLANG_WARN__DUPLICATE_METHOD_MATCH = YES;
				COPY_PHASE_STRIP = NO;
				DEBUG_INFORMATION_FORMAT = "dwarf-with-dsym";
				ENABLE_NS_ASSERTIONS = NO;
				ENABLE_STRICT_OBJC_MSGSEND = YES;
				GCC_C_LANGUAGE_STANDARD = gnu11;
				GCC_NO_COMMON_BLOCKS = YES;
				GCC_WARN_64_TO_32_BIT_CONVERSION = YES;
				GCC_WARN_ABOUT_RETURN_TYPE = YES_ERROR;
				GCC_WARN_UNDECLARED_SELECTOR = YES;
				GCC_WARN_UNINITIALIZED_AUTOS = YES_AGGRESSIVE;
				GCC_WARN_UNUSED_FUNCTION = YES;
				GCC_WARN_UNUSED_VARIABLE = YES;
				IPHONEOS_DEPLOYMENT_TARGET = 16.2;
				MTL_ENABLE_DEBUG_INFO = NO;
				MTL_FAST_MATH = YES;
				SDKROOT = iphoneos;
				SWIFT_COMPILATION_MODE = wholemodule;
				SWIFT_OPTIMIZATION_LEVEL = "-O";
				VALIDATE_PRODUCT = YES;
			};
			name = Release;
		};
		C94937492985D71B00CAADB4 /* Debug */ = {
			isa = XCBuildConfiguration;
			buildSettings = {
				ASSETCATALOG_COMPILER_APPICON_NAME = AppIcon;
				ASSETCATALOG_COMPILER_GLOBAL_ACCENT_COLOR_NAME = AccentColor;
				CODE_SIGN_STYLE = Automatic;
				CURRENT_PROJECT_VERSION = 1;
				DEVELOPMENT_ASSET_PATHS = "\"EQ for iOS/Preview Content\"";
				ENABLE_PREVIEWS = YES;
				GENERATE_INFOPLIST_FILE = YES;
				INFOPLIST_KEY_UIApplicationSceneManifest_Generation = YES;
				INFOPLIST_KEY_UIApplicationSupportsIndirectInputEvents = YES;
				INFOPLIST_KEY_UILaunchScreen_Generation = YES;
				INFOPLIST_KEY_UISupportedInterfaceOrientations_iPad = "UIInterfaceOrientationPortrait UIInterfaceOrientationPortraitUpsideDown UIInterfaceOrientationLandscapeLeft UIInterfaceOrientationLandscapeRight";
				INFOPLIST_KEY_UISupportedInterfaceOrientations_iPhone = "UIInterfaceOrientationPortrait UIInterfaceOrientationLandscapeLeft UIInterfaceOrientationLandscapeRight";
				LD_RUNPATH_SEARCH_PATHS = (
					"$(inherited)",
					"@executable_path/Frameworks",
				);
				MARKETING_VERSION = 1.0;
				PRODUCT_BUNDLE_IDENTIFIER = "MotivatedMusicians.EQ-for-iOS";
				PRODUCT_NAME = "$(TARGET_NAME)";
				SWIFT_EMIT_LOC_STRINGS = YES;
				SWIFT_VERSION = 5.0;
				TARGETED_DEVICE_FAMILY = "1,2";
			};
			name = Debug;
		};
		C949374A2985D71B00CAADB4 /* Release */ = {
			isa = XCBuildConfiguration;
			buildSettings = {
				ASSETCATALOG_COMPILER_APPICON_NAME = AppIcon;
				ASSETCATALOG_COMPILER_GLOBAL_ACCENT_COLOR_NAME = AccentColor;
				CODE_SIGN_STYLE = Automatic;
				CURRENT_PROJECT_VERSION = 1;
				DEVELOPMENT_ASSET_PATHS = "\"EQ for iOS/Preview Content\"";
				ENABLE_PREVIEWS = YES;
				GENERATE_INFOPLIST_FILE = YES;
				INFOPLIST_KEY_UIApplicationSceneManifest_Generation = YES;
				INFOPLIST_KEY_UIApplicationSupportsIndirectInputEvents = YES;
				INFOPLIST_KEY_UILaunchScreen_Generation = YES;
				INFOPLIST_KEY_UISupportedInterfaceOrientations_iPad = "UIInterfaceOrientationPortrait UIInterfaceOrientationPortraitUpsideDown UIInterfaceOrientationLandscapeLeft UIInterfaceOrientationLandscapeRight";
				INFOPLIST_KEY_UISupportedInterfaceOrientations_iPhone = "UIInterfaceOrientationPortrait UIInterfaceOrientationLandscapeLeft UIInterfaceOrientationLandscapeRight";
				LD_RUNPATH_SEARCH_PATHS = (
					"$(inherited)",
					"@executable_path/Frameworks",
				);
				MARKETING_VERSION = 1.0;
				PRODUCT_BUNDLE_IDENTIFIER = "MotivatedMusicians.EQ-for-iOS";
				PRODUCT_NAME = "$(TARGET_NAME)";
				SWIFT_EMIT_LOC_STRINGS = YES;
				SWIFT_VERSION = 5.0;
				TARGETED_DEVICE_FAMILY = "1,2";
			};
			name = Release;
		};
		C949374C2985D71B00CAADB4 /* Debug */ = {
			isa = XCBuildConfiguration;
			buildSettings = {
				ALWAYS_EMBED_SWIFT_STANDARD_LIBRARIES = YES;
				BUNDLE_LOADER = "$(TEST_HOST)";
				CODE_SIGN_STYLE = Automatic;
				CURRENT_PROJECT_VERSION = 1;
				GENERATE_INFOPLIST_FILE = YES;
				IPHONEOS_DEPLOYMENT_TARGET = 16.2;
				MARKETING_VERSION = 1.0;
				PRODUCT_BUNDLE_IDENTIFIER = "MotivatedMusicians.EQ-for-iOSTests";
				PRODUCT_NAME = "$(TARGET_NAME)";
				SWIFT_EMIT_LOC_STRINGS = NO;
				SWIFT_VERSION = 5.0;
				TARGETED_DEVICE_FAMILY = "1,2";
				TEST_HOST = "$(BUILT_PRODUCTS_DIR)/EQ for iOS.app/$(BUNDLE_EXECUTABLE_FOLDER_PATH)/EQ for iOS";
			};
			name = Debug;
		};
		C949374D2985D71B00CAADB4 /* Release */ = {
			isa = XCBuildConfiguration;
			buildSettings = {
				ALWAYS_EMBED_SWIFT_STANDARD_LIBRARIES = YES;
				BUNDLE_LOADER = "$(TEST_HOST)";
				CODE_SIGN_STYLE = Automatic;
				CURRENT_PROJECT_VERSION = 1;
				GENERATE_INFOPLIST_FILE = YES;
				IPHONEOS_DEPLOYMENT_TARGET = 16.2;
				MARKETING_VERSION = 1.0;
				PRODUCT_BUNDLE_IDENTIFIER = "MotivatedMusicians.EQ-for-iOSTests";
				PRODUCT_NAME = "$(TARGET_NAME)";
				SWIFT_EMIT_LOC_STRINGS = NO;
				SWIFT_VERSION = 5.0;
				TARGETED_DEVICE_FAMILY = "1,2";
				TEST_HOST = "$(BUILT_PRODUCTS_DIR)/EQ for iOS.app/$(BUNDLE_EXECUTABLE_FOLDER_PATH)/EQ for iOS";
			};
			name = Release;
		};
		C949374F2985D71B00CAADB4 /* Debug */ = {
			isa = XCBuildConfiguration;
			buildSettings = {
				ALWAYS_EMBED_SWIFT_STANDARD_LIBRARIES = YES;
				CODE_SIGN_STYLE = Automatic;
				CURRENT_PROJECT_VERSION = 1;
				GENERATE_INFOPLIST_FILE = YES;
				MARKETING_VERSION = 1.0;
				PRODUCT_BUNDLE_IDENTIFIER = "MotivatedMusicians.EQ-for-iOSUITests";
				PRODUCT_NAME = "$(TARGET_NAME)";
				SWIFT_EMIT_LOC_STRINGS = NO;
				SWIFT_VERSION = 5.0;
				TARGETED_DEVICE_FAMILY = "1,2";
				TEST_TARGET_NAME = "EQ for iOS";
			};
			name = Debug;
		};
		C94937502985D71B00CAADB4 /* Release */ = {
			isa = XCBuildConfiguration;
			buildSettings = {
				ALWAYS_EMBED_SWIFT_STANDARD_LIBRARIES = YES;
				CODE_SIGN_STYLE = Automatic;
				CURRENT_PROJECT_VERSION = 1;
				GENERATE_INFOPLIST_FILE = YES;
				MARKETING_VERSION = 1.0;
				PRODUCT_BUNDLE_IDENTIFIER = "MotivatedMusicians.EQ-for-iOSUITests";
				PRODUCT_NAME = "$(TARGET_NAME)";
				SWIFT_EMIT_LOC_STRINGS = NO;
				SWIFT_VERSION = 5.0;
				TARGETED_DEVICE_FAMILY = "1,2";
				TEST_TARGET_NAME = "EQ for iOS";
			};
			name = Release;
		};
/* End XCBuildConfiguration section */

/* Begin XCConfigurationList section */
		C949371F2985D71A00CAADB4 /* Build configuration list for PBXProject "EQ for iOS" */ = {
			isa = XCConfigurationList;
			buildConfigurations = (
				C94937462985D71B00CAADB4 /* Debug */,
				C94937472985D71B00CAADB4 /* Release */,
			);
			defaultConfigurationIsVisible = 0;
			defaultConfigurationName = Release;
		};
		C94937482985D71B00CAADB4 /* Build configuration list for PBXNativeTarget "EQ for iOS" */ = {
			isa = XCConfigurationList;
			buildConfigurations = (
				C94937492985D71B00CAADB4 /* Debug */,
				C949374A2985D71B00CAADB4 /* Release */,
			);
			defaultConfigurationIsVisible = 0;
			defaultConfigurationName = Release;
		};
		C949374B2985D71B00CAADB4 /* Build configuration list for PBXNativeTarget "EQ for iOSTests" */ = {
			isa = XCConfigurationList;
			buildConfigurations = (
				C949374C2985D71B00CAADB4 /* Debug */,
				C949374D2985D71B00CAADB4 /* Release */,
			);
			defaultConfigurationIsVisible = 0;
			defaultConfigurationName = Release;
		};
		C949374E2985D71B00CAADB4 /* Build configuration list for PBXNativeTarget "EQ for iOSUITests" */ = {
			isa = XCConfigurationList;
			buildConfigurations = (
				C949374F2985D71B00CAADB4 /* Debug */,
				C94937502985D71B00CAADB4 /* Release */,
			);
			defaultConfigurationIsVisible = 0;
			defaultConfigurationName = Release;
		};
/* End XCConfigurationList section */
	};
	rootObject = C949371C2985D71A00CAADB4 /* Project object */;
}
